
Microsoft Visual Studio Solution File, Format Version 12.00
# Visual Studio Version 17
VisualStudioVersion = 17.14.36811.4
MinimumVisualStudioVersion = 10.0.40219.1
Project("{FAE04EC0-301F-11D3-BF4B-00C04F79EFBC}") = "BMI計算機", "BMI計算機\BMI計算機.csproj", "{D014391F-7ABF-40DF-BD9B-639E7063EC79}"
EndProject
Global
	GlobalSection(SolutionConfigurationPlatforms) = preSolution
		Debug|Any CPU = Debug|Any CPU
		Release|Any CPU = Release|Any CPU
	EndGlobalSection
	GlobalSection(ProjectConfigurationPlatforms) = postSolution
		{D014391F-7ABF-40DF-BD9B-639E7063EC79}.Debug|Any CPU.ActiveCfg = Debug|Any CPU
		{D014391F-7ABF-40DF-BD9B-639E7063EC79}.Debug|Any CPU.Build.0 = Debug|Any CPU
		{D014391F-7ABF-40DF-BD9B-639E7063EC79}.Release|Any CPU.ActiveCfg = Release|Any CPU
		{D014391F-7ABF-40DF-BD9B-639E7063EC79}.Release|Any CPU.Build.0 = Release|Any CPU
	EndGlobalSection
	GlobalSection(SolutionProperties) = preSolution
		HideSolutionNode = FALSE
	EndGlobalSection
	GlobalSection(ExtensibilityGlobals) = postSolution
		SolutionGuid = {BF79C5C1-DAC7-43D3-ABA5-CD1D4CC3263E}
	EndGlobalSection
EndGlobal
